{
  "version": 4,
  "terraform_version": "1.11.1",
  "serial": 58,
  "lineage": "3150e7eb-f631-1e8f-fe70-ef9f4054ab3d",
  "outputs": {
    "number_processor_api_url": {
      "value": "https://e5p51yu1nk.execute-api.us-east-1.amazonaws.com",
      "type": "string"
    },
    "number_processor_dlq_queue_url": {
      "value": "https://sqs.us-east-1.amazonaws.com/982534386146/number-processor-dlq.fifo",
      "type": "string"
    },
    "number_processor_function_name": {
      "value": "number-processor",
      "type": "string"
    },
    "number_processor_invoke_arn": {
      "value": "arn:aws:apigateway:us-east-1:lambda:path/2015-03-31/functions/arn:aws:lambda:us-east-1:982534386146:function:number-processor/invocations",
      "type": "string"
    },
    "number_processor_main_queue_url": {
      "value": "https://sqs.us-east-1.amazonaws.com/982534386146/number-processor-main.fifo",
      "type": "string"
    }
  },
  "resources": [
    {
      "module": "module.iam",
      "mode": "managed",
      "type": "aws_iam_role",
      "name": "lambda_exec",
      "provider": "provider[\"registry.terraform.io/hashicorp/aws\"]",
      "instances": [
        {
          "schema_version": 0,
          "attributes": {
            "arn": "arn:aws:iam::982534386146:role/lambda-exec-role",
            "assume_role_policy": "{\"Statement\":[{\"Action\":\"sts:AssumeRole\",\"Effect\":\"Allow\",\"Principal\":{\"Service\":\"lambda.amazonaws.com\"}}],\"Version\":\"2012-10-17\"}",
            "create_date": "2025-10-26T14:56:00Z",
            "description": "",
            "force_detach_policies": false,
            "id": "lambda-exec-role",
            "inline_policy": [],
            "managed_policy_arns": [
              "arn:aws:iam::aws:policy/service-role/AWSLambdaBasicExecutionRole"
            ],
            "max_session_duration": 3600,
            "name": "lambda-exec-role",
            "name_prefix": "",
            "path": "/",
            "permissions_boundary": "",
            "tags": {
              "Environment": "dev",
              "Owner": "learning"
            },
            "tags_all": {
              "Environment": "dev",
              "Owner": "learning"
            },
            "unique_id": "AROA6JQ446HRHJEOHLCKZ"
          },
          "sensitive_attributes": [],
          "private": "bnVsbA=="
        }
      ]
    },
    {
      "module": "module.iam",
      "mode": "managed",
      "type": "aws_iam_role_policy",
      "name": "lambda_sqs_send",
      "provider": "provider[\"registry.terraform.io/hashicorp/aws\"]",
      "instances": [
        {
          "schema_version": 0,
          "attributes": {
            "id": "lambda-exec-role:terraform-20251026150140243500000001",
            "name": "terraform-20251026150140243500000001",
            "name_prefix": "terraform-",
            "policy": "{\"Version\":\"2012-10-17\",\"Statement\":[{\"Action\":[\"sqs:SendMessage\",\"sqs:SendMessageBatch\"],\"Effect\":\"Allow\",\"Resource\":\"*\"}]}",
            "role": "lambda-exec-role"
          },
          "sensitive_attributes": [],
          "private": "bnVsbA==",
          "dependencies": [
            "module.iam.aws_iam_role.lambda_exec"
          ]
        }
      ]
    },
    {
      "module": "module.iam",
      "mode": "managed",
      "type": "aws_iam_role_policy_attachment",
      "name": "lambda_logging",
      "provider": "provider[\"registry.terraform.io/hashicorp/aws\"]",
      "instances": [
        {
          "schema_version": 0,
          "attributes": {
            "id": "lambda-exec-role-20251026145559133100000002",
            "policy_arn": "arn:aws:iam::aws:policy/service-role/AWSLambdaBasicExecutionRole",
            "role": "lambda-exec-role"
          },
          "sensitive_attributes": [],
          "private": "bnVsbA==",
          "dependencies": [
            "module.iam.aws_iam_role.lambda_exec"
          ]
        }
      ]
    },
    {
      "module": "module.number_processor.module.api",
      "mode": "managed",
      "type": "aws_apigatewayv2_api",
      "name": "this",
      "provider": "provider[\"registry.terraform.io/hashicorp/aws\"]",
      "instances": [
        {
          "schema_version": 0,
          "attributes": {
            "api_endpoint": "https://e5p51yu1nk.execute-api.us-east-1.amazonaws.com",
            "api_key_selection_expression": "$request.header.x-api-key",
            "arn": "arn:aws:apigateway:us-east-1::/apis/e5p51yu1nk",
            "body": null,
            "cors_configuration": [],
            "credentials_arn": null,
            "description": "",
            "disable_execute_api_endpoint": false,
            "execution_arn": "arn:aws:execute-api:us-east-1:982534386146:e5p51yu1nk",
            "fail_on_warnings": null,
            "id": "e5p51yu1nk",
            "ip_address_type": "ipv4",
            "name": "number-processor-api",
            "protocol_type": "HTTP",
            "route_key": null,
            "route_selection_expression": "$request.method $request.path",
            "tags": {},
            "tags_all": {},
            "target": null,
            "version": ""
          },
          "sensitive_attributes": [],
          "private": "bnVsbA=="
        }
      ]
    },
    {
      "module": "module.number_processor.module.api",
      "mode": "managed",
      "type": "aws_apigatewayv2_integration",
      "name": "lambda",
      "provider": "provider[\"registry.terraform.io/hashicorp/aws\"]",
      "instances": [
        {
          "schema_version": 0,
          "attributes": {
            "api_id": "e5p51yu1nk",
            "connection_id": "",
            "connection_type": "INTERNET",
            "content_handling_strategy": "",
            "credentials_arn": "",
            "description": "",
            "id": "eltv8dg",
            "integration_method": "POST",
            "integration_response_selection_expression": "",
            "integration_subtype": "",
            "integration_type": "AWS_PROXY",
            "integration_uri": "arn:aws:apigateway:us-east-1:lambda:path/2015-03-31/functions/arn:aws:lambda:us-east-1:982534386146:function:number-processor/invocations",
            "passthrough_behavior": "",
            "payload_format_version": "1.0",
            "request_parameters": {},
            "request_templates": {},
            "response_parameters": [],
            "template_selection_expression": "",
            "timeout_milliseconds": 30000,
            "tls_config": []
          },
          "sensitive_attributes": [],
          "private": "bnVsbA==",
          "dependencies": [
            "module.iam.aws_iam_role.lambda_exec",
            "module.number_processor.module.api.aws_apigatewayv2_api.this",
            "module.number_processor.module.dlq_queue.aws_sqs_queue.this",
            "module.number_processor.module.lambda.aws_lambda_function.this",
            "module.number_processor.module.lambda.data.archive_file.zip",
            "module.number_processor.module.main_queue.aws_sqs_queue.this"
          ]
        }
      ]
    },
    {
      "module": "module.number_processor.module.api",
      "mode": "managed",
      "type": "aws_apigatewayv2_route",
      "name": "default",
      "provider": "provider[\"registry.terraform.io/hashicorp/aws\"]",
      "instances": [
        {
          "schema_version": 0,
          "attributes": {
            "api_id": "e5p51yu1nk",
            "api_key_required": false,
            "authorization_scopes": [],
            "authorization_type": "NONE",
            "authorizer_id": "",
            "id": "lsdzkur",
            "model_selection_expression": "",
            "operation_name": "",
            "request_models": {},
            "request_parameter": [],
            "route_key": "POST /{proxy+}",
            "route_response_selection_expression": "",
            "target": "integrations/eltv8dg"
          },
          "sensitive_attributes": [],
          "private": "bnVsbA==",
          "dependencies": [
            "module.iam.aws_iam_role.lambda_exec",
            "module.number_processor.module.api.aws_apigatewayv2_api.this",
            "module.number_processor.module.api.aws_apigatewayv2_integration.lambda",
            "module.number_processor.module.dlq_queue.aws_sqs_queue.this",
            "module.number_processor.module.lambda.aws_lambda_function.this",
            "module.number_processor.module.lambda.data.archive_file.zip",
            "module.number_processor.module.main_queue.aws_sqs_queue.this"
          ]
        }
      ]
    },
    {
      "module": "module.number_processor.module.api",
      "mode": "managed",
      "type": "aws_apigatewayv2_stage",
      "name": "live",
      "provider": "provider[\"registry.terraform.io/hashicorp/aws\"]",
      "instances": [
        {
          "schema_version": 0,
          "attributes": {
            "access_log_settings": [],
            "api_id": "e5p51yu1nk",
            "arn": "arn:aws:apigateway:us-east-1::/apis/e5p51yu1nk/stages/$default",
            "auto_deploy": true,
            "client_certificate_id": "",
            "default_route_settings": [
              {
                "data_trace_enabled": false,
                "detailed_metrics_enabled": false,
                "logging_level": "",
                "throttling_burst_limit": 0,
                "throttling_rate_limit": 0
              }
            ],
            "deployment_id": "stsapi",
            "description": "",
            "execution_arn": "arn:aws:execute-api:us-east-1:982534386146:e5p51yu1nk/$default",
            "id": "$default",
            "invoke_url": "https://e5p51yu1nk.execute-api.us-east-1.amazonaws.com/",
            "name": "$default",
            "route_settings": [],
            "stage_variables": {},
            "tags": {},
            "tags_all": {}
          },
          "sensitive_attributes": [],
          "private": "bnVsbA==",
          "dependencies": [
            "module.number_processor.module.api.aws_apigatewayv2_api.this"
          ]
        }
      ]
    },
    {
      "module": "module.number_processor.module.api",
      "mode": "managed",
      "type": "aws_lambda_permission",
      "name": "apigw",
      "provider": "provider[\"registry.terraform.io/hashicorp/aws\"]",
      "instances": [
        {
          "schema_version": 0,
          "attributes": {
            "action": "lambda:InvokeFunction",
            "event_source_token": null,
            "function_name": "number-processor",
            "function_url_auth_type": null,
            "id": "AllowAPIGatewayInvoke",
            "principal": "apigateway.amazonaws.com",
            "principal_org_id": null,
            "qualifier": "",
            "source_account": null,
            "source_arn": "arn:aws:execute-api:us-east-1:982534386146:e5p51yu1nk/*/*",
            "statement_id": "AllowAPIGatewayInvoke",
            "statement_id_prefix": ""
          },
          "sensitive_attributes": [],
          "private": "bnVsbA==",
          "dependencies": [
            "module.iam.aws_iam_role.lambda_exec",
            "module.number_processor.module.api.aws_apigatewayv2_api.this",
            "module.number_processor.module.dlq_queue.aws_sqs_queue.this",
            "module.number_processor.module.lambda.aws_lambda_function.this",
            "module.number_processor.module.lambda.data.archive_file.zip",
            "module.number_processor.module.main_queue.aws_sqs_queue.this"
          ]
        }
      ]
    },
    {
      "module": "module.number_processor.module.dlq_queue",
      "mode": "managed",
      "type": "aws_sqs_queue",
      "name": "this",
      "provider": "provider[\"registry.terraform.io/hashicorp/aws\"]",
      "instances": [
        {
          "schema_version": 0,
          "attributes": {
            "arn": "arn:aws:sqs:us-east-1:982534386146:number-processor-dlq.fifo",
            "content_based_deduplication": true,
            "deduplication_scope": "queue",
            "delay_seconds": 0,
            "fifo_queue": true,
            "fifo_throughput_limit": "perQueue",
            "id": "https://sqs.us-east-1.amazonaws.com/982534386146/number-processor-dlq.fifo",
            "kms_data_key_reuse_period_seconds": 300,
            "kms_master_key_id": "",
            "max_message_size": 262144,
            "message_retention_seconds": 999999,
            "name": "number-processor-dlq.fifo",
            "name_prefix": "",
            "policy": "",
            "receive_wait_time_seconds": 0,
            "redrive_allow_policy": "",
            "redrive_policy": "",
            "sqs_managed_sse_enabled": true,
            "tags": {},
            "tags_all": {},
            "timeouts": null,
            "url": "https://sqs.us-east-1.amazonaws.com/982534386146/number-processor-dlq.fifo",
            "visibility_timeout_seconds": 30
          },
          "sensitive_attributes": [],
          "private": "eyJlMmJmYjczMC1lY2FhLTExZTYtOGY4OC0zNDM2M2JjN2M0YzAiOnsiY3JlYXRlIjoxODAwMDAwMDAwMDAsImRlbGV0ZSI6MTgwMDAwMDAwMDAwLCJ1cGRhdGUiOjE4MDAwMDAwMDAwMH19"
        }
      ]
    },
    {
      "module": "module.number_processor.module.lambda",
      "mode": "data",
      "type": "archive_file",
      "name": "zip",
      "provider": "provider[\"registry.terraform.io/hashicorp/archive\"]",
      "instances": [
        {
          "schema_version": 0,
          "attributes": {
            "exclude_symlink_directories": null,
            "excludes": null,
            "id": "b58c9005130572e5afa1ed58259bea92aa07c2ca",
            "output_base64sha256": "lrmu3PVdX5yOqwgiuKuvdJFEJTzZSs4/mzMGcnYGahg=",
            "output_base64sha512": "kVlR9/qzyMtJi/9taVfYWhmwZgonQL6j0CZ9W+LDcIMtUUEzXkZxFBZyl+cQ4DjTqP6OWsSg7UiO13JfG+U4FA==",
            "output_file_mode": null,
            "output_md5": "40c5f70dfdbe6fdac283a4454a9474b9",
            "output_path": "generated/number-processor.zip",
            "output_sha": "b58c9005130572e5afa1ed58259bea92aa07c2ca",
            "output_sha256": "96b9aedcf55d5f9c8eab0822b8abaf749144253cd94ace3f9b33067276066a18",
            "output_sha512": "915951f7fab3c8cb498bff6d6957d85a19b0660a2740bea3d0267d5be2c370832d5141335e467114167297e710e038d3a8fe8e5ac4a0ed488ed7725f1be53814",
            "output_size": 937,
            "source": [],
            "source_content": null,
            "source_content_filename": null,
            "source_dir": null,
            "source_file": "services/number_processor/number_processor.py",
            "type": "zip"
          },
          "sensitive_attributes": []
        }
      ]
    },
    {
      "module": "module.number_processor.module.lambda",
      "mode": "managed",
      "type": "aws_lambda_function",
      "name": "this",
      "provider": "provider[\"registry.terraform.io/hashicorp/aws\"]",
      "instances": [
        {
          "schema_version": 0,
          "attributes": {
            "architectures": [
              "x86_64"
            ],
            "arn": "arn:aws:lambda:us-east-1:982534386146:function:number-processor",
            "code_sha256": "lrmu3PVdX5yOqwgiuKuvdJFEJTzZSs4/mzMGcnYGahg=",
            "code_signing_config_arn": "",
            "dead_letter_config": [],
            "description": "",
            "environment": [
              {
                "variables": {
                  "DLQ_QUEUE_URL": "https://sqs.us-east-1.amazonaws.com/982534386146/number-processor-dlq.fifo",
                  "MAIN_QUEUE_URL": "https://sqs.us-east-1.amazonaws.com/982534386146/number-processor-main.fifo"
                }
              }
            ],
            "ephemeral_storage": [
              {
                "size": 512
              }
            ],
            "file_system_config": [],
            "filename": "generated/number-processor.zip",
            "function_name": "number-processor",
            "handler": "number_processor.lambda_handler",
            "id": "number-processor",
            "image_config": [],
            "image_uri": "",
            "invoke_arn": "arn:aws:apigateway:us-east-1:lambda:path/2015-03-31/functions/arn:aws:lambda:us-east-1:982534386146:function:number-processor/invocations",
            "kms_key_arn": "",
            "last_modified": "2025-10-26T14:57:14.969+0000",
            "layers": [],
            "logging_config": [
              {
                "application_log_level": "",
                "log_format": "Text",
                "log_group": "/aws/lambda/number-processor",
                "system_log_level": ""
              }
            ],
            "memory_size": 128,
            "package_type": "Zip",
            "publish": false,
            "qualified_arn": "arn:aws:lambda:us-east-1:982534386146:function:number-processor:$LATEST",
            "qualified_invoke_arn": "arn:aws:apigateway:us-east-1:lambda:path/2015-03-31/functions/arn:aws:lambda:us-east-1:982534386146:function:number-processor:$LATEST/invocations",
            "replace_security_groups_on_destroy": null,
            "replacement_security_group_ids": null,
            "reserved_concurrent_executions": -1,
            "role": "arn:aws:iam::982534386146:role/lambda-exec-role",
            "runtime": "python3.12",
            "s3_bucket": null,
            "s3_key": null,
            "s3_object_version": null,
            "signing_job_arn": "",
            "signing_profile_version_arn": "",
            "skip_destroy": false,
            "snap_start": [],
            "source_code_hash": "lrmu3PVdX5yOqwgiuKuvdJFEJTzZSs4/mzMGcnYGahg=",
            "source_code_size": 937,
            "tags": {},
            "tags_all": {},
            "timeout": 3,
            "timeouts": null,
            "tracing_config": [
              {
                "mode": "PassThrough"
              }
            ],
            "version": "$LATEST",
            "vpc_config": []
          },
          "sensitive_attributes": [],
          "private": "eyJlMmJmYjczMC1lY2FhLTExZTYtOGY4OC0zNDM2M2JjN2M0YzAiOnsiY3JlYXRlIjo2MDAwMDAwMDAwMDAsImRlbGV0ZSI6NjAwMDAwMDAwMDAwLCJ1cGRhdGUiOjYwMDAwMDAwMDAwMH19",
          "dependencies": [
            "module.iam.aws_iam_role.lambda_exec",
            "module.number_processor.module.dlq_queue.aws_sqs_queue.this",
            "module.number_processor.module.lambda.data.archive_file.zip",
            "module.number_processor.module.main_queue.aws_sqs_queue.this"
          ]
        }
      ]
    },
    {
      "module": "module.number_processor.module.main_queue",
      "mode": "managed",
      "type": "aws_sqs_queue",
      "name": "this",
      "provider": "provider[\"registry.terraform.io/hashicorp/aws\"]",
      "instances": [
        {
          "schema_version": 0,
          "attributes": {
            "arn": "arn:aws:sqs:us-east-1:982534386146:number-processor-main.fifo",
            "content_based_deduplication": true,
            "deduplication_scope": "queue",
            "delay_seconds": 0,
            "fifo_queue": true,
            "fifo_throughput_limit": "perQueue",
            "id": "https://sqs.us-east-1.amazonaws.com/982534386146/number-processor-main.fifo",
            "kms_data_key_reuse_period_seconds": 300,
            "kms_master_key_id": "",
            "max_message_size": 262144,
            "message_retention_seconds": 1209600,
            "name": "number-processor-main.fifo",
            "name_prefix": "",
            "policy": "",
            "receive_wait_time_seconds": 0,
            "redrive_allow_policy": "",
            "redrive_policy": "",
            "sqs_managed_sse_enabled": true,
            "tags": {},
            "tags_all": {},
            "timeouts": null,
            "url": "https://sqs.us-east-1.amazonaws.com/982534386146/number-processor-main.fifo",
            "visibility_timeout_seconds": 30
          },
          "sensitive_attributes": [],
          "private": "eyJlMmJmYjczMC1lY2FhLTExZTYtOGY4OC0zNDM2M2JjN2M0YzAiOnsiY3JlYXRlIjoxODAwMDAwMDAwMDAsImRlbGV0ZSI6MTgwMDAwMDAwMDAwLCJ1cGRhdGUiOjE4MDAwMDAwMDAwMH19"
        }
      ]
    }
  ],
  "check_results": null
}
